{
  "name": "NewProject",
  "requires": true,
  "lockfileVersion": 1,
  "dependencies": {
    "google-chart": {
      "version": "0.0.1-security",
      "resolved": "https://registry.npmmirror.com/google-chart/-/google-chart-0.0.1-security.tgz",
      "integrity": "sha512-RKFCuH6t6Do/86pRBB0nnW60kTn2NJsytTMzTYvDEPext2oZ3VsLBRNLSQl3vy6PH1VBa+b5tRsfTH25mqna8Q=="
    }
  }
}
